dependencies:
- name: kured
  repository: https://kubernetes-charts.storage.googleapis.com/
  version: 1.4.x
- name: nginx-ingress
  repository: https://kubernetes-charts.storage.googleapis.com/
  version: 1.25.x
- name: goldilocks
  repository: https://charts.fairwinds.com/stable
  version: 2.1.0
- name: cert-manager
  repository: https://charts.jetstack.io
  version: v0.13.0
- name: grafana
  repository: https://charts.bitnami.com/bitnami
  version: 1.2.5
- name: loki
  repository: https://grafana.github.io/loki/charts
  version: 0.25.0
- name: promtail
  repository: https://grafana.github.io/loki/charts
  version: 0.18.0
- name: prometheus-operator
  repository: https://charts.bitnami.com/bitnami
  version: 0.11.1
- name: kube-eagle
  repository: https://raw.githubusercontent.com/cloudworkz/kube-eagle-helm-chart/master
  version: 1.1.5
digest: sha256:9a372df8e72b36b8ac416222f238374f40683cc3deb6a0013b0f6a21794fddbf
generated: "2020-02-06T06:36:43.356335+13:00"
